
Microsoft Visual Studio Solution File, Format Version 12.00
# Visual Studio Version 17
VisualStudioVersion = 17.2.32526.322
MinimumVisualStudioVersion = 10.0.40219.1
Project("{FAE04EC0-301F-11D3-BF4B-00C04F79EFBC}") = "WindowsFormsAppDCUCalculator", "WindowsFormsAppDCUCalculator\WindowsFormsAppDCUCalculator.csproj", "{EC16B238-91E2-4B0F-89D7-583127252341}"
EndProject
Global
	GlobalSection(SolutionConfigurationPlatforms) = preSolution
		Debug|Any CPU = Debug|Any CPU
		Release|Any CPU = Release|Any CPU
	EndGlobalSection
	GlobalSection(ProjectConfigurationPlatforms) = postSolution
		{EC16B238-91E2-4B0F-89D7-583127252341}.Debug|Any CPU.ActiveCfg = Debug|Any CPU
		{EC16B238-91E2-4B0F-89D7-583127252341}.Debug|Any CPU.Build.0 = Debug|Any CPU
		{EC16B238-91E2-4B0F-89D7-583127252341}.Release|Any CPU.ActiveCfg = Release|Any CPU
		{EC16B238-91E2-4B0F-89D7-583127252341}.Release|Any CPU.Build.0 = Release|Any CPU
	EndGlobalSection
	GlobalSection(SolutionProperties) = preSolution
		HideSolutionNode = FALSE
	EndGlobalSection
	GlobalSection(ExtensibilityGlobals) = postSolution
		SolutionGuid = {32916448-C25F-47F1-8A68-5C19032F5FD5}
	EndGlobalSection
EndGlobal
